{
  "name": "pwm-2025-2",
  "lockfileVersion": 3,
  "requires": true,
  "packages": {
    "": {
      "dependencies": {
        "uikit": "^3.24.2"
      }
    },
    "node_modules/uikit": {
      "version": "3.24.2",
      "resolved": "https://registry.npmjs.org/uikit/-/uikit-3.24.2.tgz",
      "integrity": "sha512-Qj/TiIOJ2mVhDqlGqh3wi0I32NYaeDytxFkPf2dYsYMw8zU1hqzDj1i5lgfQzOH9a9nSlyXaAJQskGq3izyQfw=="
    }
  }
}
